
Microsoft Visual Studio Solution File, Format Version 11.00
# Visual Studio 2010
Project("{2150E333-8FDC-42A3-9474-1A3956D46DE8}") = "Solution Items", "Solution Items", "{E56F8651-673E-4625-A606-5AE3A122B4A7}"
	ProjectSection(SolutionItems) = preProject
		GPL.txt = GPL.txt
		LocalTestRun.testrunconfig = LocalTestRun.testrunconfig
		ReleaseHistory.txt = ReleaseHistory.txt
		TestData.txt = TestData.txt
		ThalesSim.snk = ThalesSim.snk
		ThalesSim.vsmdi = ThalesSim.vsmdi
	EndProjectSection
EndProject
Project("{F184B08F-C81C-45F6-A57F-5ABD9991F28F}") = "ThalesCore", "ThalesCore\ThalesCore.vbproj", "{B6F7BC3E-92AF-4D00-AFDF-5771EA184AA4}"
EndProject
Project("{F184B08F-C81C-45F6-A57F-5ABD9991F28F}") = "ThalesWinSimulator", "ThalesWinSimulator\ThalesWinSimulator.vbproj", "{26399B6C-447A-4561-8B79-0D28C06ED16D}"
EndProject
Project("{F184B08F-C81C-45F6-A57F-5ABD9991F28F}") = "ThalesCore.Tests", "ThalesCore.Tests\ThalesCore.Tests.vbproj", "{76076A72-9DEB-4BA0-AFB9-521D8424BF9A}"
EndProject
Project("{F184B08F-C81C-45F6-A57F-5ABD9991F28F}") = "ThalesServiceSimulator", "ThalesServiceSimulator\ThalesServiceSimulator.vbproj", "{D912B5A2-85B2-46D3-89BE-EE9E32B00CA9}"
EndProject
Project("{54435603-DBB4-11D2-8724-00A0C9A8B90C}") = "ThalesServiceSimulatorSetup", "ThalesServiceSimulatorSetup\ThalesServiceSimulatorSetup.vdproj", "{10AFF4BC-4738-42AC-914A-C555304F49B7}"
EndProject
Project("{F184B08F-C81C-45F6-A57F-5ABD9991F28F}") = "ThalesPVVClashingDemo", "ThalesPVVClashingDemo\ThalesPVVClashingDemo.vbproj", "{64E12EB3-C710-41F0-9D72-15BCE875A07D}"
EndProject
Project("{54435603-DBB4-11D2-8724-00A0C9A8B90C}") = "ThalesWinSimulatorSetup", "ThalesWinSimulatorSetup\ThalesWinSimulatorSetup.vdproj", "{BFAFE5E1-09EB-4FF5-90EC-4021BF65149A}"
EndProject
Project("{F184B08F-C81C-45F6-A57F-5ABD9991F28F}") = "ThalesCore.Tests.Mono", "ThalesCore.Tests.Mono\ThalesCore.Tests.Mono.vbproj", "{FC46A9B1-A274-4591-BF68-E37757AD012F}"
EndProject
Project("{F184B08F-C81C-45F6-A57F-5ABD9991F28F}") = "ThalesConsoleSimulator", "ThalesConsoleSimulator\ThalesConsoleSimulator.vbproj", "{FF94878E-63E4-4256-A862-D5E68FC82BD6}"
EndProject
Project("{F184B08F-C81C-45F6-A57F-5ABD9991F28F}") = "ThalesKeyManager", "ThalesKeyManager\ThalesKeyManager.vbproj", "{B1581725-C06E-4EB0-8859-57F68FD11C9C}"
EndProject
Project("{FAE04EC0-301F-11D3-BF4B-00C04F79EFBC}") = "ThalesSim.Core", "ThalesSim.Core\ThalesSim.Core.csproj", "{2108DA96-8FAC-461D-B68F-45EB1498A1BB}"
EndProject
Project("{FAE04EC0-301F-11D3-BF4B-00C04F79EFBC}") = "ThalesSim.Tests.Unit", "ThalesSim.Tests.Unit\ThalesSim.Tests.Unit.csproj", "{D15D16F2-D4AD-4EFC-8FFE-033CD5965C59}"
EndProject
Global
	GlobalSection(TestCaseManagementSettings) = postSolution
		CategoryFile = ThalesSim.vsmdi
	EndGlobalSection
	GlobalSection(SolutionConfigurationPlatforms) = preSolution
		Debug|Any CPU = Debug|Any CPU
		Release|Any CPU = Release|Any CPU
	EndGlobalSection
	GlobalSection(ProjectConfigurationPlatforms) = postSolution
		{B6F7BC3E-92AF-4D00-AFDF-5771EA184AA4}.Debug|Any CPU.ActiveCfg = Debug|Any CPU
		{B6F7BC3E-92AF-4D00-AFDF-5771EA184AA4}.Debug|Any CPU.Build.0 = Debug|Any CPU
		{B6F7BC3E-92AF-4D00-AFDF-5771EA184AA4}.Release|Any CPU.ActiveCfg = Release|Any CPU
		{B6F7BC3E-92AF-4D00-AFDF-5771EA184AA4}.Release|Any CPU.Build.0 = Release|Any CPU
		{26399B6C-447A-4561-8B79-0D28C06ED16D}.Debug|Any CPU.ActiveCfg = Debug|Any CPU
		{26399B6C-447A-4561-8B79-0D28C06ED16D}.Debug|Any CPU.Build.0 = Debug|Any CPU
		{26399B6C-447A-4561-8B79-0D28C06ED16D}.Release|Any CPU.ActiveCfg = Release|Any CPU
		{26399B6C-447A-4561-8B79-0D28C06ED16D}.Release|Any CPU.Build.0 = Release|Any CPU
		{76076A72-9DEB-4BA0-AFB9-521D8424BF9A}.Debug|Any CPU.ActiveCfg = Debug|Any CPU
		{76076A72-9DEB-4BA0-AFB9-521D8424BF9A}.Debug|Any CPU.Build.0 = Debug|Any CPU
		{76076A72-9DEB-4BA0-AFB9-521D8424BF9A}.Release|Any CPU.ActiveCfg = Release|Any CPU
		{76076A72-9DEB-4BA0-AFB9-521D8424BF9A}.Release|Any CPU.Build.0 = Release|Any CPU
		{D912B5A2-85B2-46D3-89BE-EE9E32B00CA9}.Debug|Any CPU.ActiveCfg = Debug|Any CPU
		{D912B5A2-85B2-46D3-89BE-EE9E32B00CA9}.Debug|Any CPU.Build.0 = Debug|Any CPU
		{D912B5A2-85B2-46D3-89BE-EE9E32B00CA9}.Release|Any CPU.ActiveCfg = Release|Any CPU
		{D912B5A2-85B2-46D3-89BE-EE9E32B00CA9}.Release|Any CPU.Build.0 = Release|Any CPU
		{10AFF4BC-4738-42AC-914A-C555304F49B7}.Debug|Any CPU.ActiveCfg = Debug
		{10AFF4BC-4738-42AC-914A-C555304F49B7}.Release|Any CPU.ActiveCfg = Release
		{64E12EB3-C710-41F0-9D72-15BCE875A07D}.Debug|Any CPU.ActiveCfg = Debug|Any CPU
		{64E12EB3-C710-41F0-9D72-15BCE875A07D}.Debug|Any CPU.Build.0 = Debug|Any CPU
		{64E12EB3-C710-41F0-9D72-15BCE875A07D}.Release|Any CPU.ActiveCfg = Release|Any CPU
		{64E12EB3-C710-41F0-9D72-15BCE875A07D}.Release|Any CPU.Build.0 = Release|Any CPU
		{BFAFE5E1-09EB-4FF5-90EC-4021BF65149A}.Debug|Any CPU.ActiveCfg = Debug
		{BFAFE5E1-09EB-4FF5-90EC-4021BF65149A}.Release|Any CPU.ActiveCfg = Release
		{FC46A9B1-A274-4591-BF68-E37757AD012F}.Debug|Any CPU.ActiveCfg = Debug|Any CPU
		{FC46A9B1-A274-4591-BF68-E37757AD012F}.Debug|Any CPU.Build.0 = Debug|Any CPU
		{FC46A9B1-A274-4591-BF68-E37757AD012F}.Release|Any CPU.ActiveCfg = Release|Any CPU
		{FC46A9B1-A274-4591-BF68-E37757AD012F}.Release|Any CPU.Build.0 = Release|Any CPU
		{FF94878E-63E4-4256-A862-D5E68FC82BD6}.Debug|Any CPU.ActiveCfg = Debug|Any CPU
		{FF94878E-63E4-4256-A862-D5E68FC82BD6}.Debug|Any CPU.Build.0 = Debug|Any CPU
		{FF94878E-63E4-4256-A862-D5E68FC82BD6}.Release|Any CPU.ActiveCfg = Release|Any CPU
		{FF94878E-63E4-4256-A862-D5E68FC82BD6}.Release|Any CPU.Build.0 = Release|Any CPU
		{B1581725-C06E-4EB0-8859-57F68FD11C9C}.Debug|Any CPU.ActiveCfg = Debug|Any CPU
		{B1581725-C06E-4EB0-8859-57F68FD11C9C}.Debug|Any CPU.Build.0 = Debug|Any CPU
		{B1581725-C06E-4EB0-8859-57F68FD11C9C}.Release|Any CPU.ActiveCfg = Release|Any CPU
		{B1581725-C06E-4EB0-8859-57F68FD11C9C}.Release|Any CPU.Build.0 = Release|Any CPU
		{2108DA96-8FAC-461D-B68F-45EB1498A1BB}.Debug|Any CPU.ActiveCfg = Debug|Any CPU
		{2108DA96-8FAC-461D-B68F-45EB1498A1BB}.Debug|Any CPU.Build.0 = Debug|Any CPU
		{2108DA96-8FAC-461D-B68F-45EB1498A1BB}.Release|Any CPU.ActiveCfg = Release|Any CPU
		{2108DA96-8FAC-461D-B68F-45EB1498A1BB}.Release|Any CPU.Build.0 = Release|Any CPU
		{D15D16F2-D4AD-4EFC-8FFE-033CD5965C59}.Debug|Any CPU.ActiveCfg = Debug|Any CPU
		{D15D16F2-D4AD-4EFC-8FFE-033CD5965C59}.Debug|Any CPU.Build.0 = Debug|Any CPU
		{D15D16F2-D4AD-4EFC-8FFE-033CD5965C59}.Release|Any CPU.ActiveCfg = Release|Any CPU
		{D15D16F2-D4AD-4EFC-8FFE-033CD5965C59}.Release|Any CPU.Build.0 = Release|Any CPU
	EndGlobalSection
	GlobalSection(SolutionProperties) = preSolution
		HideSolutionNode = FALSE
	EndGlobalSection
	GlobalSection(ExtensibilityGlobals) = postSolution
		VisualSVNWorkingCopyRoot = .
	EndGlobalSection
EndGlobal
