
Microsoft Visual Studio Solution File, Format Version 12.00
# Visual Studio Version 17
VisualStudioVersion = 17.8.34309.116
MinimumVisualStudioVersion = 10.0.40219.1
Project("{FAE04EC0-301F-11D3-BF4B-00C04F79EFBC}") = "ThalesSimulatorLibrary.Core", "Projects\ThalesSimulatorLibrary.Core\ThalesSimulatorLibrary.Core.csproj", "{0281C5AE-15A4-4936-9C05-5C0BA61965D3}"
EndProject
Project("{FAE04EC0-301F-11D3-BF4B-00C04F79EFBC}") = "ThalesSimulatorLibrary.Core.Tests", "Tests\ThalesSimulatorLibrary.Core.Tests\ThalesSimulatorLibrary.Core.Tests.csproj", "{B74DB628-0CC4-4B18-83CB-1428EC9DD365}"
EndProject
Global
	GlobalSection(SolutionConfigurationPlatforms) = preSolution
		Debug|Any CPU = Debug|Any CPU
		Release|Any CPU = Release|Any CPU
	EndGlobalSection
	GlobalSection(ProjectConfigurationPlatforms) = postSolution
		{0281C5AE-15A4-4936-9C05-5C0BA61965D3}.Debug|Any CPU.ActiveCfg = Debug|Any CPU
		{0281C5AE-15A4-4936-9C05-5C0BA61965D3}.Debug|Any CPU.Build.0 = Debug|Any CPU
		{0281C5AE-15A4-4936-9C05-5C0BA61965D3}.Release|Any CPU.ActiveCfg = Release|Any CPU
		{0281C5AE-15A4-4936-9C05-5C0BA61965D3}.Release|Any CPU.Build.0 = Release|Any CPU
		{B74DB628-0CC4-4B18-83CB-1428EC9DD365}.Debug|Any CPU.ActiveCfg = Debug|Any CPU
		{B74DB628-0CC4-4B18-83CB-1428EC9DD365}.Debug|Any CPU.Build.0 = Debug|Any CPU
		{B74DB628-0CC4-4B18-83CB-1428EC9DD365}.Release|Any CPU.ActiveCfg = Release|Any CPU
		{B74DB628-0CC4-4B18-83CB-1428EC9DD365}.Release|Any CPU.Build.0 = Release|Any CPU
	EndGlobalSection
	GlobalSection(SolutionProperties) = preSolution
		HideSolutionNode = FALSE
	EndGlobalSection
	GlobalSection(ExtensibilityGlobals) = postSolution
		SolutionGuid = {B7CA066F-12C3-42AC-A5F5-B127BEA24F0A}
	EndGlobalSection
EndGlobal
